
Microsoft Visual Studio Solution File, Format Version 12.00
# Visual Studio 15
Project("{FAE04EC0-301F-11D3-BF4B-00C04F79EFBC}") = "ActivityCenter", "ActivityCenter.csproj", "{2922278B-DD3E-49B3-8BE3-34F7A8042BC5}"
EndProject
Global
	GlobalSection(SolutionConfigurationPlatforms) = preSolution
		Debug|Any CPU = Debug|Any CPU
		Release|Any CPU = Release|Any CPU
	EndGlobalSection
	GlobalSection(ProjectConfigurationPlatforms) = postSolution
		{2922278B-DD3E-49B3-8BE3-34F7A8042BC5}.Debug|Any CPU.ActiveCfg = Debug|Any CPU
		{2922278B-DD3E-49B3-8BE3-34F7A8042BC5}.Debug|Any CPU.Build.0 = Debug|Any CPU
		{2922278B-DD3E-49B3-8BE3-34F7A8042BC5}.Release|Any CPU.ActiveCfg = Release|Any CPU
		{2922278B-DD3E-49B3-8BE3-34F7A8042BC5}.Release|Any CPU.Build.0 = Release|Any CPU
	EndGlobalSection
EndGlobal
